
Microsoft Visual Studio Solution File, Format Version 12.00
# Visual Studio Version 17
VisualStudioVersion = 17.6.33712.159
MinimumVisualStudioVersion = 10.0.40219.1
Project("{8BC9CEB8-8B4A-11D0-8D11-00A0C91BC942}") = "Lab10", "Lab10\Lab10.vcxproj", "{367AC4DF-1B0B-48EC-AC46-31727DEE29BE}"
EndProject
Global
	GlobalSection(SolutionConfigurationPlatforms) = preSolution
		Debug|x64 = Debug|x64
		Release|x64 = Release|x64
	EndGlobalSection
	GlobalSection(ProjectConfigurationPlatforms) = postSolution
		{367AC4DF-1B0B-48EC-AC46-31727DEE29BE}.Debug|x64.ActiveCfg = Debug|x64
		{367AC4DF-1B0B-48EC-AC46-31727DEE29BE}.Debug|x64.Build.0 = Debug|x64
		{367AC4DF-1B0B-48EC-AC46-31727DEE29BE}.Release|x64.ActiveCfg = Release|x64
		{367AC4DF-1B0B-48EC-AC46-31727DEE29BE}.Release|x64.Build.0 = Release|x64
	EndGlobalSection
	GlobalSection(SolutionProperties) = preSolution
		HideSolutionNode = FALSE
	EndGlobalSection
	GlobalSection(ExtensibilityGlobals) = postSolution
		SolutionGuid = {BCE31DB2-B5A2-4F2E-B76F-FDF0F1D4D4D2}
	EndGlobalSection
EndGlobal
